
Microsoft Visual Studio Solution File, Format Version 12.00
# Visual Studio Version 16
VisualStudioVersion = 16.0.30611.23
MinimumVisualStudioVersion = 10.0.40219.1
Project("{FAE04EC0-301F-11D3-BF4B-00C04F79EFBC}") = "Encapsulation", "Encapsulation\Encapsulation.csproj", "{989BE560-DFB3-4C0D-81D9-6D85E6689E6A}"
EndProject
Global
	GlobalSection(SolutionConfigurationPlatforms) = preSolution
		Debug|Any CPU = Debug|Any CPU
		Release|Any CPU = Release|Any CPU
	EndGlobalSection
	GlobalSection(ProjectConfigurationPlatforms) = postSolution
		{989BE560-DFB3-4C0D-81D9-6D85E6689E6A}.Debug|Any CPU.ActiveCfg = Debug|Any CPU
		{989BE560-DFB3-4C0D-81D9-6D85E6689E6A}.Debug|Any CPU.Build.0 = Debug|Any CPU
		{989BE560-DFB3-4C0D-81D9-6D85E6689E6A}.Release|Any CPU.ActiveCfg = Release|Any CPU
		{989BE560-DFB3-4C0D-81D9-6D85E6689E6A}.Release|Any CPU.Build.0 = Release|Any CPU
	EndGlobalSection
	GlobalSection(SolutionProperties) = preSolution
		HideSolutionNode = FALSE
	EndGlobalSection
	GlobalSection(ExtensibilityGlobals) = postSolution
		SolutionGuid = {9D500C64-F689-4317-8223-4CC5BA343688}
	EndGlobalSection
EndGlobal
